
Microsoft Visual Studio Solution File, Format Version 12.00
# Visual Studio Version 18
VisualStudioVersion = 18.3.11505.172 d18.3
MinimumVisualStudioVersion = 10.0.40219.1
Project("{FAE04EC0-301F-11D3-BF4B-00C04F79EFBC}") = "NoteUp", "NoteUp\NoteUp.csproj", "{DC7E9ADA-CF96-4D73-8890-10E010284C71}"
EndProject
Global
	GlobalSection(SolutionConfigurationPlatforms) = preSolution
		Debug|Any CPU = Debug|Any CPU
		Release|Any CPU = Release|Any CPU
	EndGlobalSection
	GlobalSection(ProjectConfigurationPlatforms) = postSolution
		{DC7E9ADA-CF96-4D73-8890-10E010284C71}.Debug|Any CPU.ActiveCfg = Debug|Any CPU
		{DC7E9ADA-CF96-4D73-8890-10E010284C71}.Debug|Any CPU.Build.0 = Debug|Any CPU
		{DC7E9ADA-CF96-4D73-8890-10E010284C71}.Release|Any CPU.ActiveCfg = Release|Any CPU
		{DC7E9ADA-CF96-4D73-8890-10E010284C71}.Release|Any CPU.Build.0 = Release|Any CPU
	EndGlobalSection
	GlobalSection(SolutionProperties) = preSolution
		HideSolutionNode = FALSE
	EndGlobalSection
	GlobalSection(ExtensibilityGlobals) = postSolution
		SolutionGuid = {C1C486DA-5EFC-45CB-8DFC-2CE154BB0433}
	EndGlobalSection
EndGlobal
